// !$*UTF8*$!
{
	archiveVersion = 1;
	classes = {
	};
	objectVersion = 56;
	objects = {

/* Begin PBXBuildFile section */
		1B23C2EF2AD97D8E001224CE /* PhotosProvider.swift in Sources */ = {isa = PBXBuildFile; fileRef = 1B23C2EE2AD97D8E001224CE /* PhotosProvider.swift */; };
		1B23C2F72ADAA4BE001224CE /* Photo.swift in Sources */ = {isa = PBXBuildFile; fileRef = 1B23C2F62ADAA4BE001224CE /* Photo.swift */; };
		1B4DF72B2ADAA8F0005DED88 /* FlickrAPI in Frameworks */ = {isa = PBXBuildFile; productRef = 1B4DF72A2ADAA8F0005DED88 /* FlickrAPI */; };
		1B4DF72D2ADAB6B5005DED88 /* SearchViewModel.swift in Sources */ = {isa = PBXBuildFile; fileRef = 1B4DF72C2ADAB6B5005DED88 /* SearchViewModel.swift */; };
		1B4DF7302ADAB80B005DED88 /* NetworkResource.swift in Sources */ = {isa = PBXBuildFile; fileRef = 1B4DF72F2ADAB80B005DED88 /* NetworkResource.swift */; };
		1B4DF7312ADAB98F005DED88 /* SearchViewModel.swift in Sources */ = {isa = PBXBuildFile; fileRef = 1B4DF72C2ADAB6B5005DED88 /* SearchViewModel.swift */; };
		1B4DF7332ADAB9A0005DED88 /* Photo.swift in Sources */ = {isa = PBXBuildFile; fileRef = 1B23C2F62ADAA4BE001224CE /* Photo.swift */; };
		1B4DF7352ADABD59005DED88 /* NetworkResource.swift in Sources */ = {isa = PBXBuildFile; fileRef = 1B4DF72F2ADAB80B005DED88 /* NetworkResource.swift */; };
		1B4DF7372ADAC27E005DED88 /* MockPhotoProvider.swift in Sources */ = {isa = PBXBuildFile; fileRef = 1B4DF7362ADAC27E005DED88 /* MockPhotoProvider.swift */; };
		1B4DF7392ADAC291005DED88 /* MockError.swift in Sources */ = {isa = PBXBuildFile; fileRef = 1B4DF7382ADAC291005DED88 /* MockError.swift */; };
		1B4DF73D2ADC0FFF005DED88 /* MockPhotoProvider.swift in Sources */ = {isa = PBXBuildFile; fileRef = 1B4DF7362ADAC27E005DED88 /* MockPhotoProvider.swift */; };
		1B4DF73E2ADC1165005DED88 /* MockError.swift in Sources */ = {isa = PBXBuildFile; fileRef = 1B4DF7382ADAC291005DED88 /* MockError.swift */; };
		1B56D9162AD93A8A00F90A10 /* FlickrDemoApp.swift in Sources */ = {isa = PBXBuildFile; fileRef = 1B56D9152AD93A8A00F90A10 /* FlickrDemoApp.swift */; };
		1B56D9182AD93A8A00F90A10 /* SearchView.swift in Sources */ = {isa = PBXBuildFile; fileRef = 1B56D9172AD93A8A00F90A10 /* SearchView.swift */; };
		1B56D91A2AD93A8B00F90A10 /* Assets.xcassets in Resources */ = {isa = PBXBuildFile; fileRef = 1B56D9192AD93A8B00F90A10 /* Assets.xcassets */; };
		1B56D9282AD93A8B00F90A10 /* SearchTests.swift in Sources */ = {isa = PBXBuildFile; fileRef = 1B56D9272AD93A8B00F90A10 /* SearchTests.swift */; };
		1B56D9322AD93A8B00F90A10 /* FlickrDemoUITests.swift in Sources */ = {isa = PBXBuildFile; fileRef = 1B56D9312AD93A8B00F90A10 /* FlickrDemoUITests.swift */; };
		1BBED77D2ADC172C0065C898 /* PhotosProvider.swift in Sources */ = {isa = PBXBuildFile; fileRef = 1B23C2EE2AD97D8E001224CE /* PhotosProvider.swift */; };
		1BBED77F2ADC1E2E0065C898 /* CroppedModifier.swift in Sources */ = {isa = PBXBuildFile; fileRef = 1BBED77E2ADC1E2E0065C898 /* CroppedModifier.swift */; };
		1BBED7832ADC2FA70065C898 /* PhotoDetailView.swift in Sources */ = {isa = PBXBuildFile; fileRef = 1BBED7822ADC2FA70065C898 /* PhotoDetailView.swift */; };
		1BBED7892ADC3C2E0065C898 /* UserPhotosView.swift in Sources */ = {isa = PBXBuildFile; fileRef = 1BBED7882ADC3C2E0065C898 /* UserPhotosView.swift */; };
		1BBED78B2ADC41180065C898 /* PhotoList.swift in Sources */ = {isa = PBXBuildFile; fileRef = 1BBED78A2ADC41180065C898 /* PhotoList.swift */; };
		1BBED78D2ADC41F10065C898 /* UserPhotosViewModel.swift in Sources */ = {isa = PBXBuildFile; fileRef = 1BBED78C2ADC41F10065C898 /* UserPhotosViewModel.swift */; };
		1BBED78F2ADC42C60065C898 /* UserPhotosTests.swift in Sources */ = {isa = PBXBuildFile; fileRef = 1BBED78E2ADC42C60065C898 /* UserPhotosTests.swift */; };
		1BBED7902ADC42CC0065C898 /* UserPhotosViewModel.swift in Sources */ = {isa = PBXBuildFile; fileRef = 1BBED78C2ADC41F10065C898 /* UserPhotosViewModel.swift */; };
		1BBED7932ADC4D370065C898 /* TaggedPhotosViewModel.swift in Sources */ = {isa = PBXBuildFile; fileRef = 1BBED7922ADC4D370065C898 /* TaggedPhotosViewModel.swift */; };
		1BBED7952ADC4D6A0065C898 /* TaggedPhotosTests.swift in Sources */ = {isa = PBXBuildFile; fileRef = 1BBED7942ADC4D6A0065C898 /* TaggedPhotosTests.swift */; };
		1BBED7962ADC4DAF0065C898 /* TaggedPhotosViewModel.swift in Sources */ = {isa = PBXBuildFile; fileRef = 1BBED7922ADC4D370065C898 /* TaggedPhotosViewModel.swift */; };
		1BBED7982ADC4DC90065C898 /* TaggedPhotosView.swift in Sources */ = {isa = PBXBuildFile; fileRef = 1BBED7972ADC4DC90065C898 /* TaggedPhotosView.swift */; };
/* End PBXBuildFile section */

/* Begin PBXContainerItemProxy section */
		1B56D9242AD93A8B00F90A10 /* PBXContainerItemProxy */ = {
			isa = PBXContainerItemProxy;
			containerPortal = 1B56D90A2AD93A8900F90A10 /* Project object */;
			proxyType = 1;
			remoteGlobalIDString = 1B56D9112AD93A8A00F90A10;
			remoteInfo = FlickrDemo;
		};
		1B56D92E2AD93A8B00F90A10 /* PBXContainerItemProxy */ = {
			isa = PBXContainerItemProxy;
			containerPortal = 1B56D90A2AD93A8900F90A10 /* Project object */;
			proxyType = 1;
			remoteGlobalIDString = 1B56D9112AD93A8A00F90A10;
			remoteInfo = FlickrDemo;
		};
/* End PBXContainerItemProxy section */

/* Begin PBXFileReference section */
		1B23C2EE2AD97D8E001224CE /* PhotosProvider.swift */ = {isa = PBXFileReference; lastKnownFileType = sourcecode.swift; path = PhotosProvider.swift; sourceTree = "<group>"; };
		1B23C2F62ADAA4BE001224CE /* Photo.swift */ = {isa = PBXFileReference; lastKnownFileType = sourcecode.swift; path = Photo.swift; sourceTree = "<group>"; };
		1B4DF72C2ADAB6B5005DED88 /* SearchViewModel.swift */ = {isa = PBXFileReference; lastKnownFileType = sourcecode.swift; path = SearchViewModel.swift; sourceTree = "<group>"; };
		1B4DF72F2ADAB80B005DED88 /* NetworkResource.swift */ = {isa = PBXFileReference; lastKnownFileType = sourcecode.swift; path = NetworkResource.swift; sourceTree = "<group>"; };
		1B4DF7362ADAC27E005DED88 /* MockPhotoProvider.swift */ = {isa = PBXFileReference; lastKnownFileType = sourcecode.swift; path = MockPhotoProvider.swift; sourceTree = "<group>"; };
		1B4DF7382ADAC291005DED88 /* MockError.swift */ = {isa = PBXFileReference; lastKnownFileType = sourcecode.swift; path = MockError.swift; sourceTree = "<group>"; };
		1B56D9122AD93A8A00F90A10 /* FlickrDemo.app */ = {isa = PBXFileReference; explicitFileType = wrapper.application; includeInIndex = 0; path = FlickrDemo.app; sourceTree = BUILT_PRODUCTS_DIR; };
		1B56D9152AD93A8A00F90A10 /* FlickrDemoApp.swift */ = {isa = PBXFileReference; lastKnownFileType = sourcecode.swift; path = FlickrDemoApp.swift; sourceTree = "<group>"; };
		1B56D9172AD93A8A00F90A10 /* SearchView.swift */ = {isa = PBXFileReference; lastKnownFileType = sourcecode.swift; path = SearchView.swift; sourceTree = "<group>"; };
		1B56D9192AD93A8B00F90A10 /* Assets.xcassets */ = {isa = PBXFileReference; lastKnownFileType = folder.assetcatalog; path = Assets.xcassets; sourceTree = "<group>"; };
		1B56D91B2AD93A8B00F90A10 /* FlickrDemo.entitlements */ = {isa = PBXFileReference; lastKnownFileType = text.plist.entitlements; path = FlickrDemo.entitlements; sourceTree = "<group>"; };
		1B56D9232AD93A8B00F90A10 /* FlickrDemoTests.xctest */ = {isa = PBXFileReference; explicitFileType = wrapper.cfbundle; includeInIndex = 0; path = FlickrDemoTests.xctest; sourceTree = BUILT_PRODUCTS_DIR; };
		1B56D9272AD93A8B00F90A10 /* SearchTests.swift */ = {isa = PBXFileReference; lastKnownFileType = sourcecode.swift; path = SearchTests.swift; sourceTree = "<group>"; };
		1B56D92D2AD93A8B00F90A10 /* FlickrDemoUITests.xctest */ = {isa = PBXFileReference; explicitFileType = wrapper.cfbundle; includeInIndex = 0; path = FlickrDemoUITests.xctest; sourceTree = BUILT_PRODUCTS_DIR; };
		1B56D9312AD93A8B00F90A10 /* FlickrDemoUITests.swift */ = {isa = PBXFileReference; lastKnownFileType = sourcecode.swift; path = FlickrDemoUITests.swift; sourceTree = "<group>"; };
		1B56D9402AD93B6300F90A10 /* FlickrAPI */ = {isa = PBXFileReference; lastKnownFileType = wrapper; path = FlickrAPI; sourceTree = "<group>"; };
		1BBED77E2ADC1E2E0065C898 /* CroppedModifier.swift */ = {isa = PBXFileReference; lastKnownFileType = sourcecode.swift; path = CroppedModifier.swift; sourceTree = "<group>"; };
		1BBED7822ADC2FA70065C898 /* PhotoDetailView.swift */ = {isa = PBXFileReference; lastKnownFileType = sourcecode.swift; path = PhotoDetailView.swift; sourceTree = "<group>"; };
		1BBED7882ADC3C2E0065C898 /* UserPhotosView.swift */ = {isa = PBXFileReference; lastKnownFileType = sourcecode.swift; path = UserPhotosView.swift; sourceTree = "<group>"; };
		1BBED78A2ADC41180065C898 /* PhotoList.swift */ = {isa = PBXFileReference; lastKnownFileType = sourcecode.swift; path = PhotoList.swift; sourceTree = "<group>"; };
		1BBED78C2ADC41F10065C898 /* UserPhotosViewModel.swift */ = {isa = PBXFileReference; lastKnownFileType = sourcecode.swift; path = UserPhotosViewModel.swift; sourceTree = "<group>"; };
		1BBED78E2ADC42C60065C898 /* UserPhotosTests.swift */ = {isa = PBXFileReference; lastKnownFileType = sourcecode.swift; path = UserPhotosTests.swift; sourceTree = "<group>"; };
		1BBED7922ADC4D370065C898 /* TaggedPhotosViewModel.swift */ = {isa = PBXFileReference; lastKnownFileType = sourcecode.swift; path = TaggedPhotosViewModel.swift; sourceTree = "<group>"; };
		1BBED7942ADC4D6A0065C898 /* TaggedPhotosTests.swift */ = {isa = PBXFileReference; lastKnownFileType = sourcecode.swift; path = TaggedPhotosTests.swift; sourceTree = "<group>"; };
		1BBED7972ADC4DC90065C898 /* TaggedPhotosView.swift */ = {isa = PBXFileReference; lastKnownFileType = sourcecode.swift; path = TaggedPhotosView.swift; sourceTree = "<group>"; };
/* End PBXFileReference section */

/* Begin PBXFrameworksBuildPhase section */
		1B56D90F2AD93A8A00F90A10 /* Frameworks */ = {
			isa = PBXFrameworksBuildPhase;
			buildActionMask = 2147483647;
			files = (
				1B4DF72B2ADAA8F0005DED88 /* FlickrAPI in Frameworks */,
			);
			runOnlyForDeploymentPostprocessing = 0;
		};
		1B56D9202AD93A8B00F90A10 /* Frameworks */ = {
			isa = PBXFrameworksBuildPhase;
			buildActionMask = 2147483647;
			files = (
			);
			runOnlyForDeploymentPostprocessing = 0;
		};
		1B56D92A2AD93A8B00F90A10 /* Frameworks */ = {
			isa = PBXFrameworksBuildPhase;
			buildActionMask = 2147483647;
			files = (
			);
			runOnlyForDeploymentPostprocessing = 0;
		};
/* End PBXFrameworksBuildPhase section */

/* Begin PBXGroup section */
		1B23C2F02AD97D9B001224CE /* Search */ = {
			isa = PBXGroup;
			children = (
				1B56D9172AD93A8A00F90A10 /* SearchView.swift */,
				1B4DF72C2ADAB6B5005DED88 /* SearchViewModel.swift */,
			);
			path = Search;
			sourceTree = "<group>";
		};
		1B23C2F32ADAA43F001224CE /* UI */ = {
			isa = PBXGroup;
			children = (
				1B56D9152AD93A8A00F90A10 /* FlickrDemoApp.swift */,
				1B23C2F02AD97D9B001224CE /* Search */,
				1BBED7822ADC2FA70065C898 /* PhotoDetailView.swift */,
				1BBED7872ADC3C070065C898 /* UserPhotos */,
				1BBED7912ADC4A5E0065C898 /* TaggedPhotos */,
				1BBED78A2ADC41180065C898 /* PhotoList.swift */,
				1B56D9192AD93A8B00F90A10 /* Assets.xcassets */,
			);
			path = UI;
			sourceTree = "<group>";
		};
		1B23C2F42ADAA445001224CE /* Data */ = {
			isa = PBXGroup;
			children = (
				1B23C2F52ADAA470001224CE /* Photos */,
			);
			path = Data;
			sourceTree = "<group>";
		};
		1B23C2F52ADAA470001224CE /* Photos */ = {
			isa = PBXGroup;
			children = (
				1B23C2EE2AD97D8E001224CE /* PhotosProvider.swift */,
				1B23C2F62ADAA4BE001224CE /* Photo.swift */,
			);
			path = Photos;
			sourceTree = "<group>";
		};
		1B4DF7292ADAA8F0005DED88 /* Frameworks */ = {
			isa = PBXGroup;
			children = (
			);
			name = Frameworks;
			sourceTree = "<group>";
		};
		1B4DF72E2ADAB7F3005DED88 /* Supporting */ = {
			isa = PBXGroup;
			children = (
				1B4DF72F2ADAB80B005DED88 /* NetworkResource.swift */,
				1BBED77E2ADC1E2E0065C898 /* CroppedModifier.swift */,
			);
			path = Supporting;
			sourceTree = "<group>";
		};
		1B4DF7342ADAB9B0005DED88 /* Mocks */ = {
			isa = PBXGroup;
			children = (
				1B4DF7382ADAC291005DED88 /* MockError.swift */,
				1B4DF7362ADAC27E005DED88 /* MockPhotoProvider.swift */,
			);
			path = Mocks;
			sourceTree = "<group>";
		};
		1B56D9092AD93A8900F90A10 = {
			isa = PBXGroup;
			children = (
				1B56D9402AD93B6300F90A10 /* FlickrAPI */,
				1B56D9142AD93A8A00F90A10 /* FlickrDemo */,
				1B56D9262AD93A8B00F90A10 /* FlickrDemoTests */,
				1B56D9302AD93A8B00F90A10 /* FlickrDemoUITests */,
				1B56D9132AD93A8A00F90A10 /* Products */,
				1B4DF7292ADAA8F0005DED88 /* Frameworks */,
			);
			sourceTree = "<group>";
		};
		1B56D9132AD93A8A00F90A10 /* Products */ = {
			isa = PBXGroup;
			children = (
				1B56D9122AD93A8A00F90A10 /* FlickrDemo.app */,
				1B56D9232AD93A8B00F90A10 /* FlickrDemoTests.xctest */,
				1B56D92D2AD93A8B00F90A10 /* FlickrDemoUITests.xctest */,
			);
			name = Products;
			sourceTree = "<group>";
		};
		1B56D9142AD93A8A00F90A10 /* FlickrDemo */ = {
			isa = PBXGroup;
			children = (
				1B56D91B2AD93A8B00F90A10 /* FlickrDemo.entitlements */,
				1B23C2F42ADAA445001224CE /* Data */,
				1B23C2F32ADAA43F001224CE /* UI */,
				1B4DF72E2ADAB7F3005DED88 /* Supporting */,
			);
			path = FlickrDemo;
			sourceTree = "<group>";
		};
		1B56D9262AD93A8B00F90A10 /* FlickrDemoTests */ = {
			isa = PBXGroup;
			children = (
				1B4DF7342ADAB9B0005DED88 /* Mocks */,
				1B56D9272AD93A8B00F90A10 /* SearchTests.swift */,
				1BBED78E2ADC42C60065C898 /* UserPhotosTests.swift */,
				1BBED7942ADC4D6A0065C898 /* TaggedPhotosTests.swift */,
			);
			path = FlickrDemoTests;
			sourceTree = "<group>";
		};
		1B56D9302AD93A8B00F90A10 /* FlickrDemoUITests */ = {
			isa = PBXGroup;
			children = (
				1B56D9312AD93A8B00F90A10 /* FlickrDemoUITests.swift */,
			);
			path = FlickrDemoUITests;
			sourceTree = "<group>";
		};
		1BBED7872ADC3C070065C898 /* UserPhotos */ = {
			isa = PBXGroup;
			children = (
				1BBED7882ADC3C2E0065C898 /* UserPhotosView.swift */,
				1BBED78C2ADC41F10065C898 /* UserPhotosViewModel.swift */,
			);
			path = UserPhotos;
			sourceTree = "<group>";
		};
		1BBED7912ADC4A5E0065C898 /* TaggedPhotos */ = {
			isa = PBXGroup;
			children = (
				1BBED7972ADC4DC90065C898 /* TaggedPhotosView.swift */,
				1BBED7922ADC4D370065C898 /* TaggedPhotosViewModel.swift */,
			);
			path = TaggedPhotos;
			sourceTree = "<group>";
		};
/* End PBXGroup section */

/* Begin PBXNativeTarget section */
		1B56D9112AD93A8A00F90A10 /* FlickrDemo */ = {
			isa = PBXNativeTarget;
			buildConfigurationList = 1B56D9372AD93A8B00F90A10 /* Build configuration list for PBXNativeTarget "FlickrDemo" */;
			buildPhases = (
				1B56D90E2AD93A8A00F90A10 /* Sources */,
				1B56D90F2AD93A8A00F90A10 /* Frameworks */,
				1B56D9102AD93A8A00F90A10 /* Resources */,
			);
			buildRules = (
			);
			dependencies = (
			);
			name = FlickrDemo;
			packageProductDependencies = (
				1B4DF72A2ADAA8F0005DED88 /* FlickrAPI */,
			);
			productName = FlickrDemo;
			productReference = 1B56D9122AD93A8A00F90A10 /* FlickrDemo.app */;
			productType = "com.apple.product-type.application";
		};
		1B56D9222AD93A8B00F90A10 /* FlickrDemoTests */ = {
			isa = PBXNativeTarget;
			buildConfigurationList = 1B56D93A2AD93A8B00F90A10 /* Build configuration list for PBXNativeTarget "FlickrDemoTests" */;
			buildPhases = (
				1B56D91F2AD93A8B00F90A10 /* Sources */,
				1B56D9202AD93A8B00F90A10 /* Frameworks */,
				1B56D9212AD93A8B00F90A10 /* Resources */,
			);
			buildRules = (
			);
			dependencies = (
				1B56D9252AD93A8B00F90A10 /* PBXTargetDependency */,
			);
			name = FlickrDemoTests;
			productName = FlickrDemoTests;
			productReference = 1B56D9232AD93A8B00F90A10 /* FlickrDemoTests.xctest */;
			productType = "com.apple.product-type.bundle.unit-test";
		};
		1B56D92C2AD93A8B00F90A10 /* FlickrDemoUITests */ = {
			isa = PBXNativeTarget;
			buildConfigurationList = 1B56D93D2AD93A8B00F90A10 /* Build configuration list for PBXNativeTarget "FlickrDemoUITests" */;
			buildPhases = (
				1B56D9292AD93A8B00F90A10 /* Sources */,
				1B56D92A2AD93A8B00F90A10 /* Frameworks */,
				1B56D92B2AD93A8B00F90A10 /* Resources */,
			);
			buildRules = (
			);
			dependencies = (
				1B56D92F2AD93A8B00F90A10 /* PBXTargetDependency */,
			);
			name = FlickrDemoUITests;
			productName = FlickrDemoUITests;
			productReference = 1B56D92D2AD93A8B00F90A10 /* FlickrDemoUITests.xctest */;
			productType = "com.apple.product-type.bundle.ui-testing";
		};
/* End PBXNativeTarget section */

/* Begin PBXProject section */
		1B56D90A2AD93A8900F90A10 /* Project object */ = {
			isa = PBXProject;
			attributes = {
				BuildIndependentTargetsInParallel = 1;
				LastSwiftUpdateCheck = 1500;
				LastUpgradeCheck = 1500;
				TargetAttributes = {
					1B56D9112AD93A8A00F90A10 = {
						CreatedOnToolsVersion = 15.0;
					};
					1B56D9222AD93A8B00F90A10 = {
						CreatedOnToolsVersion = 15.0;
						TestTargetID = 1B56D9112AD93A8A00F90A10;
					};
					1B56D92C2AD93A8B00F90A10 = {
						CreatedOnToolsVersion = 15.0;
						TestTargetID = 1B56D9112AD93A8A00F90A10;
					};
				};
			};
			buildConfigurationList = 1B56D90D2AD93A8900F90A10 /* Build configuration list for PBXProject "FlickrDemo" */;
			compatibilityVersion = "Xcode 14.0";
			developmentRegion = en;
			hasScannedForEncodings = 0;
			knownRegions = (
				en,
				Base,
			);
			mainGroup = 1B56D9092AD93A8900F90A10;
			productRefGroup = 1B56D9132AD93A8A00F90A10 /* Products */;
			projectDirPath = "";
			projectRoot = "";
			targets = (
				1B56D9112AD93A8A00F90A10 /* FlickrDemo */,
				1B56D9222AD93A8B00F90A10 /* FlickrDemoTests */,
				1B56D92C2AD93A8B00F90A10 /* FlickrDemoUITests */,
			);
		};
/* End PBXProject section */

/* Begin PBXResourcesBuildPhase section */
		1B56D9102AD93A8A00F90A10 /* Resources */ = {
			isa = PBXResourcesBuildPhase;
			buildActionMask = 2147483647;
			files = (
				1B56D91A2AD93A8B00F90A10 /* Assets.xcassets in Resources */,
			);
			runOnlyForDeploymentPostprocessing = 0;
		};
		1B56D9212AD93A8B00F90A10 /* Resources */ = {
			isa = PBXResourcesBuildPhase;
			buildActionMask = 2147483647;
			files = (
			);
			runOnlyForDeploymentPostprocessing = 0;
		};
		1B56D92B2AD93A8B00F90A10 /* Resources */ = {
			isa = PBXResourcesBuildPhase;
			buildActionMask = 2147483647;
			files = (
			);
			runOnlyForDeploymentPostprocessing = 0;
		};
/* End PBXResourcesBuildPhase section */

/* Begin PBXSourcesBuildPhase section */
		1B56D90E2AD93A8A00F90A10 /* Sources */ = {
			isa = PBXSourcesBuildPhase;
			buildActionMask = 2147483647;
			files = (
				1B4DF72D2ADAB6B5005DED88 /* SearchViewModel.swift in Sources */,
				1BBED7932ADC4D370065C898 /* TaggedPhotosViewModel.swift in Sources */,
				1B4DF73D2ADC0FFF005DED88 /* MockPhotoProvider.swift in Sources */,
				1B23C2F72ADAA4BE001224CE /* Photo.swift in Sources */,
				1B56D9182AD93A8A00F90A10 /* SearchView.swift in Sources */,
				1B23C2EF2AD97D8E001224CE /* PhotosProvider.swift in Sources */,
				1BBED78D2ADC41F10065C898 /* UserPhotosViewModel.swift in Sources */,
				1BBED77F2ADC1E2E0065C898 /* CroppedModifier.swift in Sources */,
				1BBED7982ADC4DC90065C898 /* TaggedPhotosView.swift in Sources */,
				1B4DF7302ADAB80B005DED88 /* NetworkResource.swift in Sources */,
				1BBED7892ADC3C2E0065C898 /* UserPhotosView.swift in Sources */,
				1BBED78B2ADC41180065C898 /* PhotoList.swift in Sources */,
				1B4DF73E2ADC1165005DED88 /* MockError.swift in Sources */,
				1BBED7832ADC2FA70065C898 /* PhotoDetailView.swift in Sources */,
				1B56D9162AD93A8A00F90A10 /* FlickrDemoApp.swift in Sources */,
			);
			runOnlyForDeploymentPostprocessing = 0;
		};
		1B56D91F2AD93A8B00F90A10 /* Sources */ = {
			isa = PBXSourcesBuildPhase;
			buildActionMask = 2147483647;
			files = (
				1B4DF7392ADAC291005DED88 /* MockError.swift in Sources */,
				1BBED7962ADC4DAF0065C898 /* TaggedPhotosViewModel.swift in Sources */,
				1B4DF7332ADAB9A0005DED88 /* Photo.swift in Sources */,
				1B4DF7352ADABD59005DED88 /* NetworkResource.swift in Sources */,
				1BBED7902ADC42CC0065C898 /* UserPhotosViewModel.swift in Sources */,
				1B4DF7312ADAB98F005DED88 /* SearchViewModel.swift in Sources */,
				1B56D9282AD93A8B00F90A10 /* SearchTests.swift in Sources */,
				1B4DF7372ADAC27E005DED88 /* MockPhotoProvider.swift in Sources */,
				1BBED77D2ADC172C0065C898 /* PhotosProvider.swift in Sources */,
				1BBED7952ADC4D6A0065C898 /* TaggedPhotosTests.swift in Sources */,
				1BBED78F2ADC42C60065C898 /* UserPhotosTests.swift in Sources */,
			);
			runOnlyForDeploymentPostprocessing = 0;
		};
		1B56D9292AD93A8B00F90A10 /* Sources */ = {
			isa = PBXSourcesBuildPhase;
			buildActionMask = 2147483647;
			files = (
				1B56D9322AD93A8B00F90A10 /* FlickrDemoUITests.swift in Sources */,
			);
			runOnlyForDeploymentPostprocessing = 0;
		};
/* End PBXSourcesBuildPhase section */

/* Begin PBXTargetDependency section */
		1B56D9252AD93A8B00F90A10 /* PBXTargetDependency */ = {
			isa = PBXTargetDependency;
			target = 1B56D9112AD93A8A00F90A10 /* FlickrDemo */;
			targetProxy = 1B56D9242AD93A8B00F90A10 /* PBXContainerItemProxy */;
		};
		1B56D92F2AD93A8B00F90A10 /* PBXTargetDependency */ = {
			isa = PBXTargetDependency;
			target = 1B56D9112AD93A8A00F90A10 /* FlickrDemo */;
			targetProxy = 1B56D92E2AD93A8B00F90A10 /* PBXContainerItemProxy */;
		};
/* End PBXTargetDependency section */

/* Begin XCBuildConfiguration section */
		1B56D9352AD93A8B00F90A10 /* Debug */ = {
			isa = XCBuildConfiguration;
			buildSettings = {
				ALWAYS_SEARCH_USER_PATHS = NO;
				ASSETCATALOG_COMPILER_GENERATE_SWIFT_ASSET_SYMBOL_EXTENSIONS = YES;
				CLANG_ANALYZER_NONNULL = YES;
				CLANG_ANALYZER_NUMBER_OBJECT_CONVERSION = YES_AGGRESSIVE;
				CLANG_CXX_LANGUAGE_STANDARD = "gnu++20";
				CLANG_ENABLE_MODULES = YES;
				CLANG_ENABLE_OBJC_ARC = YES;
				CLANG_ENABLE_OBJC_WEAK = YES;
				CLANG_WARN_BLOCK_CAPTURE_AUTORELEASING = YES;
				CLANG_WARN_BOOL_CONVERSION = YES;
				CLANG_WARN_COMMA = YES;
				CLANG_WARN_CONSTANT_CONVERSION = YES;
				CLANG_WARN_DEPRECATED_OBJC_IMPLEMENTATIONS = YES;
				CLANG_WARN_DIRECT_OBJC_ISA_USAGE = YES_ERROR;
				CLANG_WARN_DOCUMENTATION_COMMENTS = YES;
				CLANG_WARN_EMPTY_BODY = YES;
				CLANG_WARN_ENUM_CONVERSION = YES;
				CLANG_WARN_INFINITE_RECURSION = YES;
				CLANG_WARN_INT_CONVERSION = YES;
				CLANG_WARN_NON_LITERAL_NULL_CONVERSION = YES;
				CLANG_WARN_OBJC_IMPLICIT_RETAIN_SELF = YES;
				CLANG_WARN_OBJC_LITERAL_CONVERSION = YES;
				CLANG_WARN_OBJC_ROOT_CLASS = YES_ERROR;
				CLANG_WARN_QUOTED_INCLUDE_IN_FRAMEWORK_HEADER = YES;
				CLANG_WARN_RANGE_LOOP_ANALYSIS = YES;
				CLANG_WARN_STRICT_PROTOTYPES = YES;
				CLANG_WARN_SUSPICIOUS_MOVE = YES;
				CLANG_WARN_UNGUARDED_AVAILABILITY = YES_AGGRESSIVE;
				CLANG_WARN_UNREACHABLE_CODE = YES;
				CLANG_WARN__DUPLICATE_METHOD_MATCH = YES;
				COPY_PHASE_STRIP = NO;
				DEBUG_INFORMATION_FORMAT = dwarf;
				ENABLE_STRICT_OBJC_MSGSEND = YES;
				ENABLE_TESTABILITY = YES;
				ENABLE_USER_SCRIPT_SANDBOXING = YES;
				GCC_C_LANGUAGE_STANDARD = gnu17;
				GCC_DYNAMIC_NO_PIC = NO;
				GCC_NO_COMMON_BLOCKS = YES;
				GCC_OPTIMIZATION_LEVEL = 0;
				GCC_PREPROCESSOR_DEFINITIONS = (
					"DEBUG=1",
					"$(inherited)",
				);
				GCC_WARN_64_TO_32_BIT_CONVERSION = YES;
				GCC_WARN_ABOUT_RETURN_TYPE = YES_ERROR;
				GCC_WARN_UNDECLARED_SELECTOR = YES;
				GCC_WARN_UNINITIALIZED_AUTOS = YES_AGGRESSIVE;
				GCC_WARN_UNUSED_FUNCTION = YES;
				GCC_WARN_UNUSED_VARIABLE = YES;
				LOCALIZATION_PREFERS_STRING_CATALOGS = YES;
				MTL_ENABLE_DEBUG_INFO = INCLUDE_SOURCE;
				MTL_FAST_MATH = YES;
				ONLY_ACTIVE_ARCH = YES;
				SWIFT_ACTIVE_COMPILATION_CONDITIONS = "DEBUG $(inherited)";
				SWIFT_OPTIMIZATION_LEVEL = "-Onone";
			};
			name = Debug;
		};
		1B56D9362AD93A8B00F90A10 /* Release */ = {
			isa = XCBuildConfiguration;
			buildSettings = {
				ALWAYS_SEARCH_USER_PATHS = NO;
				ASSETCATALOG_COMPILER_GENERATE_SWIFT_ASSET_SYMBOL_EXTENSIONS = YES;
				CLANG_ANALYZER_NONNULL = YES;
				CLANG_ANALYZER_NUMBER_OBJECT_CONVERSION = YES_AGGRESSIVE;
				CLANG_CXX_LANGUAGE_STANDARD = "gnu++20";
				CLANG_ENABLE_MODULES = YES;
				CLANG_ENABLE_OBJC_ARC = YES;
				CLANG_ENABLE_OBJC_WEAK = YES;
				CLANG_WARN_BLOCK_CAPTURE_AUTORELEASING = YES;
				CLANG_WARN_BOOL_CONVERSION = YES;
				CLANG_WARN_COMMA = YES;
				CLANG_WARN_CONSTANT_CONVERSION = YES;
				CLANG_WARN_DEPRECATED_OBJC_IMPLEMENTATIONS = YES;
				CLANG_WARN_DIRECT_OBJC_ISA_USAGE = YES_ERROR;
				CLANG_WARN_DOCUMENTATION_COMMENTS = YES;
				CLANG_WARN_EMPTY_BODY = YES;
				CLANG_WARN_ENUM_CONVERSION = YES;
				CLANG_WARN_INFINITE_RECURSION = YES;
				CLANG_WARN_INT_CONVERSION = YES;
				CLANG_WARN_NON_LITERAL_NULL_CONVERSION = YES;
				CLANG_WARN_OBJC_IMPLICIT_RETAIN_SELF = YES;
				CLANG_WARN_OBJC_LITERAL_CONVERSION = YES;
				CLANG_WARN_OBJC_ROOT_CLASS = YES_ERROR;
				CLANG_WARN_QUOTED_INCLUDE_IN_FRAMEWORK_HEADER = YES;
				CLANG_WARN_RANGE_LOOP_ANALYSIS = YES;
				CLANG_WARN_STRICT_PROTOTYPES = YES;
				CLANG_WARN_SUSPICIOUS_MOVE = YES;
				CLANG_WARN_UNGUARDED_AVAILABILITY = YES_AGGRESSIVE;
				CLANG_WARN_UNREACHABLE_CODE = YES;
				CLANG_WARN__DUPLICATE_METHOD_MATCH = YES;
				COPY_PHASE_STRIP = NO;
				DEBUG_INFORMATION_FORMAT = "dwarf-with-dsym";
				ENABLE_NS_ASSERTIONS = NO;
				ENABLE_STRICT_OBJC_MSGSEND = YES;
				ENABLE_USER_SCRIPT_SANDBOXING = YES;
				GCC_C_LANGUAGE_STANDARD = gnu17;
				GCC_NO_COMMON_BLOCKS = YES;
				GCC_WARN_64_TO_32_BIT_CONVERSION = YES;
				GCC_WARN_ABOUT_RETURN_TYPE = YES_ERROR;
				GCC_WARN_UNDECLARED_SELECTOR = YES;
				GCC_WARN_UNINITIALIZED_AUTOS = YES_AGGRESSIVE;
				GCC_WARN_UNUSED_FUNCTION = YES;
				GCC_WARN_UNUSED_VARIABLE = YES;
				LOCALIZATION_PREFERS_STRING_CATALOGS = YES;
				MTL_ENABLE_DEBUG_INFO = NO;
				MTL_FAST_MATH = YES;
				SWIFT_COMPILATION_MODE = wholemodule;
			};
			name = Release;
		};
		1B56D9382AD93A8B00F90A10 /* Debug */ = {
			isa = XCBuildConfiguration;
			buildSettings = {
				ASSETCATALOG_COMPILER_APPICON_NAME = AppIcon;
				ASSETCATALOG_COMPILER_GLOBAL_ACCENT_COLOR_NAME = AccentColor;
				CODE_SIGN_ENTITLEMENTS = FlickrDemo/FlickrDemo.entitlements;
				CODE_SIGN_STYLE = Automatic;
				CURRENT_PROJECT_VERSION = 1;
				DEVELOPMENT_ASSET_PATHS = "";
				DEVELOPMENT_TEAM = Q26KW2LXSE;
				ENABLE_HARDENED_RUNTIME = YES;
				ENABLE_PREVIEWS = YES;
				GENERATE_INFOPLIST_FILE = YES;
				"INFOPLIST_KEY_UIApplicationSceneManifest_Generation[sdk=iphoneos*]" = YES;
				"INFOPLIST_KEY_UIApplicationSceneManifest_Generation[sdk=iphonesimulator*]" = YES;
				"INFOPLIST_KEY_UIApplicationSupportsIndirectInputEvents[sdk=iphoneos*]" = YES;
				"INFOPLIST_KEY_UIApplicationSupportsIndirectInputEvents[sdk=iphonesimulator*]" = YES;
				"INFOPLIST_KEY_UILaunchScreen_Generation[sdk=iphoneos*]" = YES;
				"INFOPLIST_KEY_UILaunchScreen_Generation[sdk=iphonesimulator*]" = YES;
				"INFOPLIST_KEY_UIStatusBarStyle[sdk=iphoneos*]" = UIStatusBarStyleDefault;
				"INFOPLIST_KEY_UIStatusBarStyle[sdk=iphonesimulator*]" = UIStatusBarStyleDefault;
				INFOPLIST_KEY_UISupportedInterfaceOrientations_iPad = "UIInterfaceOrientationPortrait UIInterfaceOrientationPortraitUpsideDown UIInterfaceOrientationLandscapeLeft UIInterfaceOrientationLandscapeRight";
				INFOPLIST_KEY_UISupportedInterfaceOrientations_iPhone = "UIInterfaceOrientationPortrait UIInterfaceOrientationLandscapeLeft UIInterfaceOrientationLandscapeRight";
				IPHONEOS_DEPLOYMENT_TARGET = 17.0;
				LD_RUNPATH_SEARCH_PATHS = "@executable_path/Frameworks";
				"LD_RUNPATH_SEARCH_PATHS[sdk=macosx*]" = "@executable_path/../Frameworks";
				MACOSX_DEPLOYMENT_TARGET = 14.0;
				MARKETING_VERSION = 1.0;
				PRODUCT_BUNDLE_IDENTIFIER = com.bendywalker.FlickrDemo;
				PRODUCT_NAME = "$(TARGET_NAME)";
				SDKROOT = auto;
				SUPPORTED_PLATFORMS = "iphoneos iphonesimulator macosx";
				SWIFT_EMIT_LOC_STRINGS = YES;
				SWIFT_VERSION = 5.0;
				TARGETED_DEVICE_FAMILY = "1,2";
			};
			name = Debug;
		};
		1B56D9392AD93A8B00F90A10 /* Release */ = {
			isa = XCBuildConfiguration;
			buildSettings = {
				ASSETCATALOG_COMPILER_APPICON_NAME = AppIcon;
				ASSETCATALOG_COMPILER_GLOBAL_ACCENT_COLOR_NAME = AccentColor;
				CODE_SIGN_ENTITLEMENTS = FlickrDemo/FlickrDemo.entitlements;
				CODE_SIGN_STYLE = Automatic;
				CURRENT_PROJECT_VERSION = 1;
				DEVELOPMENT_ASSET_PATHS = "";
				DEVELOPMENT_TEAM = Q26KW2LXSE;
				ENABLE_HARDENED_RUNTIME = YES;
				ENABLE_PREVIEWS = YES;
				GENERATE_INFOPLIST_FILE = YES;
				"INFOPLIST_KEY_UIApplicationSceneManifest_Generation[sdk=iphoneos*]" = YES;
				"INFOPLIST_KEY_UIApplicationSceneManifest_Generation[sdk=iphonesimulator*]" = YES;
				"INFOPLIST_KEY_UIApplicationSupportsIndirectInputEvents[sdk=iphoneos*]" = YES;
				"INFOPLIST_KEY_UIApplicationSupportsIndirectInputEvents[sdk=iphonesimulator*]" = YES;
				"INFOPLIST_KEY_UILaunchScreen_Generation[sdk=iphoneos*]" = YES;
				"INFOPLIST_KEY_UILaunchScreen_Generation[sdk=iphonesimulator*]" = YES;
				"INFOPLIST_KEY_UIStatusBarStyle[sdk=iphoneos*]" = UIStatusBarStyleDefault;
				"INFOPLIST_KEY_UIStatusBarStyle[sdk=iphonesimulator*]" = UIStatusBarStyleDefault;
				INFOPLIST_KEY_UISupportedInterfaceOrientations_iPad = "UIInterfaceOrientationPortrait UIInterfaceOrientationPortraitUpsideDown UIInterfaceOrientationLandscapeLeft UIInterfaceOrientationLandscapeRight";
				INFOPLIST_KEY_UISupportedInterfaceOrientations_iPhone = "UIInterfaceOrientationPortrait UIInterfaceOrientationLandscapeLeft UIInterfaceOrientationLandscapeRight";
				IPHONEOS_DEPLOYMENT_TARGET = 17.0;
				LD_RUNPATH_SEARCH_PATHS = "@executable_path/Frameworks";
				"LD_RUNPATH_SEARCH_PATHS[sdk=macosx*]" = "@executable_path/../Frameworks";
				MACOSX_DEPLOYMENT_TARGET = 14.0;
				MARKETING_VERSION = 1.0;
				PRODUCT_BUNDLE_IDENTIFIER = com.bendywalker.FlickrDemo;
				PRODUCT_NAME = "$(TARGET_NAME)";
				SDKROOT = auto;
				SUPPORTED_PLATFORMS = "iphoneos iphonesimulator macosx";
				SWIFT_EMIT_LOC_STRINGS = YES;
				SWIFT_VERSION = 5.0;
				TARGETED_DEVICE_FAMILY = "1,2";
			};
			name = Release;
		};
		1B56D93B2AD93A8B00F90A10 /* Debug */ = {
			isa = XCBuildConfiguration;
			buildSettings = {
				ALWAYS_EMBED_SWIFT_STANDARD_LIBRARIES = YES;
				BUNDLE_LOADER = "$(TEST_HOST)";
				CODE_SIGN_STYLE = Automatic;
				CURRENT_PROJECT_VERSION = 1;
				DEVELOPMENT_TEAM = Q26KW2LXSE;
				GENERATE_INFOPLIST_FILE = YES;
				IPHONEOS_DEPLOYMENT_TARGET = 17.0;
				MACOSX_DEPLOYMENT_TARGET = 14.0;
				MARKETING_VERSION = 1.0;
				PRODUCT_BUNDLE_IDENTIFIER = com.bendywalker.FlickrDemoTests;
				PRODUCT_NAME = "$(TARGET_NAME)";
				SDKROOT = auto;
				SUPPORTED_PLATFORMS = "iphoneos iphonesimulator macosx";
				SWIFT_EMIT_LOC_STRINGS = NO;
				SWIFT_VERSION = 5.0;
				TARGETED_DEVICE_FAMILY = "1,2";
				TEST_HOST = "$(BUILT_PRODUCTS_DIR)/FlickrDemo.app/$(BUNDLE_EXECUTABLE_FOLDER_PATH)/FlickrDemo";
			};
			name = Debug;
		};
		1B56D93C2AD93A8B00F90A10 /* Release */ = {
			isa = XCBuildConfiguration;
			buildSettings = {
				ALWAYS_EMBED_SWIFT_STANDARD_LIBRARIES = YES;
				BUNDLE_LOADER = "$(TEST_HOST)";
				CODE_SIGN_STYLE = Automatic;
				CURRENT_PROJECT_VERSION = 1;
				DEVELOPMENT_TEAM = Q26KW2LXSE;
				GENERATE_INFOPLIST_FILE = YES;
				IPHONEOS_DEPLOYMENT_TARGET = 17.0;
				MACOSX_DEPLOYMENT_TARGET = 14.0;
				MARKETING_VERSION = 1.0;
				PRODUCT_BUNDLE_IDENTIFIER = com.bendywalker.FlickrDemoTests;
				PRODUCT_NAME = "$(TARGET_NAME)";
				SDKROOT = auto;
				SUPPORTED_PLATFORMS = "iphoneos iphonesimulator macosx";
				SWIFT_EMIT_LOC_STRINGS = NO;
				SWIFT_VERSION = 5.0;
				TARGETED_DEVICE_FAMILY = "1,2";
				TEST_HOST = "$(BUILT_PRODUCTS_DIR)/FlickrDemo.app/$(BUNDLE_EXECUTABLE_FOLDER_PATH)/FlickrDemo";
			};
			name = Release;
		};
		1B56D93E2AD93A8B00F90A10 /* Debug */ = {
			isa = XCBuildConfiguration;
			buildSettings = {
				ALWAYS_EMBED_SWIFT_STANDARD_LIBRARIES = YES;
				CODE_SIGN_STYLE = Automatic;
				CURRENT_PROJECT_VERSION = 1;
				DEVELOPMENT_TEAM = Q26KW2LXSE;
				GENERATE_INFOPLIST_FILE = YES;
				IPHONEOS_DEPLOYMENT_TARGET = 17.0;
				MACOSX_DEPLOYMENT_TARGET = 14.0;
				MARKETING_VERSION = 1.0;
				PRODUCT_BUNDLE_IDENTIFIER = com.bendywalker.FlickrDemoUITests;
				PRODUCT_NAME = "$(TARGET_NAME)";
				SDKROOT = auto;
				SUPPORTED_PLATFORMS = "iphoneos iphonesimulator macosx";
				SWIFT_EMIT_LOC_STRINGS = NO;
				SWIFT_VERSION = 5.0;
				TARGETED_DEVICE_FAMILY = "1,2";
				TEST_TARGET_NAME = FlickrDemo;
			};
			name = Debug;
		};
		1B56D93F2AD93A8B00F90A10 /* Release */ = {
			isa = XCBuildConfiguration;
			buildSettings = {
				ALWAYS_EMBED_SWIFT_STANDARD_LIBRARIES = YES;
				CODE_SIGN_STYLE = Automatic;
				CURRENT_PROJECT_VERSION = 1;
				DEVELOPMENT_TEAM = Q26KW2LXSE;
				GENERATE_INFOPLIST_FILE = YES;
				IPHONEOS_DEPLOYMENT_TARGET = 17.0;
				MACOSX_DEPLOYMENT_TARGET = 14.0;
				MARKETING_VERSION = 1.0;
				PRODUCT_BUNDLE_IDENTIFIER = com.bendywalker.FlickrDemoUITests;
				PRODUCT_NAME = "$(TARGET_NAME)";
				SDKROOT = auto;
				SUPPORTED_PLATFORMS = "iphoneos iphonesimulator macosx";
				SWIFT_EMIT_LOC_STRINGS = NO;
				SWIFT_VERSION = 5.0;
				TARGETED_DEVICE_FAMILY = "1,2";
				TEST_TARGET_NAME = FlickrDemo;
			};
			name = Release;
		};
/* End XCBuildConfiguration section */

/* Begin XCConfigurationList section */
		1B56D90D2AD93A8900F90A10 /* Build configuration list for PBXProject "FlickrDemo" */ = {
			isa = XCConfigurationList;
			buildConfigurations = (
				1B56D9352AD93A8B00F90A10 /* Debug */,
				1B56D9362AD93A8B00F90A10 /* Release */,
			);
			defaultConfigurationIsVisible = 0;
			defaultConfigurationName = Release;
		};
		1B56D9372AD93A8B00F90A10 /* Build configuration list for PBXNativeTarget "FlickrDemo" */ = {
			isa = XCConfigurationList;
			buildConfigurations = (
				1B56D9382AD93A8B00F90A10 /* Debug */,
				1B56D9392AD93A8B00F90A10 /* Release */,
			);
			defaultConfigurationIsVisible = 0;
			defaultConfigurationName = Release;
		};
		1B56D93A2AD93A8B00F90A10 /* Build configuration list for PBXNativeTarget "FlickrDemoTests" */ = {
			isa = XCConfigurationList;
			buildConfigurations = (
				1B56D93B2AD93A8B00F90A10 /* Debug */,
				1B56D93C2AD93A8B00F90A10 /* Release */,
			);
			defaultConfigurationIsVisible = 0;
			defaultConfigurationName = Release;
		};
		1B56D93D2AD93A8B00F90A10 /* Build configuration list for PBXNativeTarget "FlickrDemoUITests" */ = {
			isa = XCConfigurationList;
			buildConfigurations = (
				1B56D93E2AD93A8B00F90A10 /* Debug */,
				1B56D93F2AD93A8B00F90A10 /* Release */,
			);
			defaultConfigurationIsVisible = 0;
			defaultConfigurationName = Release;
		};
/* End XCConfigurationList section */

/* Begin XCSwiftPackageProductDependency section */
		1B4DF72A2ADAA8F0005DED88 /* FlickrAPI */ = {
			isa = XCSwiftPackageProductDependency;
			productName = FlickrAPI;
		};
/* End XCSwiftPackageProductDependency section */
	};
	rootObject = 1B56D90A2AD93A8900F90A10 /* Project object */;
}
